
Microsoft Visual Studio Solution File, Format Version 12.00
# Visual Studio 15
VisualStudioVersion = 15.0.27130.2010
MinimumVisualStudioVersion = 10.0.40219.1
Project("{FAE04EC0-301F-11D3-BF4B-00C04F79EFBC}") = "Bot-Demo", "Bot-Demo\Bot-Demo.csproj", "{E0EBD474-5B5A-4175-924D-664FCF4848D6}"
EndProject
Global
	GlobalSection(SolutionConfigurationPlatforms) = preSolution
		Debug|Any CPU = Debug|Any CPU
		Release|Any CPU = Release|Any CPU
	EndGlobalSection
	GlobalSection(ProjectConfigurationPlatforms) = postSolution
		{E0EBD474-5B5A-4175-924D-664FCF4848D6}.Debug|Any CPU.ActiveCfg = Debug|Any CPU
		{E0EBD474-5B5A-4175-924D-664FCF4848D6}.Debug|Any CPU.Build.0 = Debug|Any CPU
		{E0EBD474-5B5A-4175-924D-664FCF4848D6}.Release|Any CPU.ActiveCfg = Release|Any CPU
		{E0EBD474-5B5A-4175-924D-664FCF4848D6}.Release|Any CPU.Build.0 = Release|Any CPU
	EndGlobalSection
	GlobalSection(SolutionProperties) = preSolution
		HideSolutionNode = FALSE
	EndGlobalSection
	GlobalSection(ExtensibilityGlobals) = postSolution
		SolutionGuid = {CCFEA36B-1687-4420-90FC-81E94F406BC1}
	EndGlobalSection
EndGlobal
